// !$*UTF8*$!
{
	archiveVersion = 1;
	classes = {
	};
	objectVersion = 56;
	objects = {

/* Begin PBXBuildFile section */
		F37EBA9A29CB33A9007A2DD0 /* AppDelegate.swift in Sources */ = {isa = PBXBuildFile; fileRef = F37EBA9929CB33A9007A2DD0 /* AppDelegate.swift */; };
		F37EBA9C29CB33A9007A2DD0 /* SceneDelegate.swift in Sources */ = {isa = PBXBuildFile; fileRef = F37EBA9B29CB33A9007A2DD0 /* SceneDelegate.swift */; };
		F37EBA9E29CB33A9007A2DD0 /* ViewController.swift in Sources */ = {isa = PBXBuildFile; fileRef = F37EBA9D29CB33A9007A2DD0 /* ViewController.swift */; };
		F37EBAA129CB33A9007A2DD0 /* Main.storyboard in Resources */ = {isa = PBXBuildFile; fileRef = F37EBA9F29CB33A9007A2DD0 /* Main.storyboard */; };
		F37EBAA329CB33AA007A2DD0 /* Assets.xcassets in Resources */ = {isa = PBXBuildFile; fileRef = F37EBAA229CB33AA007A2DD0 /* Assets.xcassets */; };
		F37EBAA629CB33AA007A2DD0 /* LaunchScreen.storyboard in Resources */ = {isa = PBXBuildFile; fileRef = F37EBAA429CB33AA007A2DD0 /* LaunchScreen.storyboard */; };
		F37EBAAE29CB365A007A2DD0 /* MapAlertViewController.swift in Sources */ = {isa = PBXBuildFile; fileRef = F37EBAAD29CB365A007A2DD0 /* MapAlertViewController.swift */; };
		F37EBAB029CB44B0007A2DD0 /* MapKitViewController.swift in Sources */ = {isa = PBXBuildFile; fileRef = F37EBAAF29CB44B0007A2DD0 /* MapKitViewController.swift */; };
		F37EBAB429CB472B007A2DD0 /* note.png in Resources */ = {isa = PBXBuildFile; fileRef = F37EBAB229CB472B007A2DD0 /* note.png */; };
		F37EBAB529CB472B007A2DD0 /* rating5@2x.png in Resources */ = {isa = PBXBuildFile; fileRef = F37EBAB329CB472B007A2DD0 /* rating5@2x.png */; };
		F37EBAB729CB4747007A2DD0 /* ImageViewController.swift in Sources */ = {isa = PBXBuildFile; fileRef = F37EBAB629CB4747007A2DD0 /* ImageViewController.swift */; };
		F37EBAB929CB49CE007A2DD0 /* ControlViewController.swift in Sources */ = {isa = PBXBuildFile; fileRef = F37EBAB829CB49CE007A2DD0 /* ControlViewController.swift */; };
		F37EBABD29CB5107007A2DD0 /* ListViewController.swift in Sources */ = {isa = PBXBuildFile; fileRef = F37EBABC29CB5107007A2DD0 /* ListViewController.swift */; };
/* End PBXBuildFile section */

/* Begin PBXFileReference section */
		F37EBA9629CB33A9007A2DD0 /* Chapter03-Alert.app */ = {isa = PBXFileReference; explicitFileType = wrapper.application; includeInIndex = 0; path = "Chapter03-Alert.app"; sourceTree = BUILT_PRODUCTS_DIR; };
		F37EBA9929CB33A9007A2DD0 /* AppDelegate.swift */ = {isa = PBXFileReference; lastKnownFileType = sourcecode.swift; path = AppDelegate.swift; sourceTree = "<group>"; };
		F37EBA9B29CB33A9007A2DD0 /* SceneDelegate.swift */ = {isa = PBXFileReference; lastKnownFileType = sourcecode.swift; path = SceneDelegate.swift; sourceTree = "<group>"; };
		F37EBA9D29CB33A9007A2DD0 /* ViewController.swift */ = {isa = PBXFileReference; lastKnownFileType = sourcecode.swift; path = ViewController.swift; sourceTree = "<group>"; };
		F37EBAA029CB33A9007A2DD0 /* Base */ = {isa = PBXFileReference; lastKnownFileType = file.storyboard; name = Base; path = Base.lproj/Main.storyboard; sourceTree = "<group>"; };
		F37EBAA229CB33AA007A2DD0 /* Assets.xcassets */ = {isa = PBXFileReference; lastKnownFileType = folder.assetcatalog; path = Assets.xcassets; sourceTree = "<group>"; };
		F37EBAA529CB33AA007A2DD0 /* Base */ = {isa = PBXFileReference; lastKnownFileType = file.storyboard; name = Base; path = Base.lproj/LaunchScreen.storyboard; sourceTree = "<group>"; };
		F37EBAA729CB33AA007A2DD0 /* Info.plist */ = {isa = PBXFileReference; lastKnownFileType = text.plist.xml; path = Info.plist; sourceTree = "<group>"; };
		F37EBAAD29CB365A007A2DD0 /* MapAlertViewController.swift */ = {isa = PBXFileReference; lastKnownFileType = sourcecode.swift; path = MapAlertViewController.swift; sourceTree = "<group>"; };
		F37EBAAF29CB44B0007A2DD0 /* MapKitViewController.swift */ = {isa = PBXFileReference; lastKnownFileType = sourcecode.swift; path = MapKitViewController.swift; sourceTree = "<group>"; };
		F37EBAB229CB472B007A2DD0 /* note.png */ = {isa = PBXFileReference; lastKnownFileType = image.png; path = note.png; sourceTree = "<group>"; };
		F37EBAB329CB472B007A2DD0 /* rating5@2x.png */ = {isa = PBXFileReference; lastKnownFileType = image.png; path = "rating5@2x.png"; sourceTree = "<group>"; };
		F37EBAB629CB4747007A2DD0 /* ImageViewController.swift */ = {isa = PBXFileReference; lastKnownFileType = sourcecode.swift; path = ImageViewController.swift; sourceTree = "<group>"; };
		F37EBAB829CB49CE007A2DD0 /* ControlViewController.swift */ = {isa = PBXFileReference; lastKnownFileType = sourcecode.swift; path = ControlViewController.swift; sourceTree = "<group>"; };
		F37EBABC29CB5107007A2DD0 /* ListViewController.swift */ = {isa = PBXFileReference; lastKnownFileType = sourcecode.swift; path = ListViewController.swift; sourceTree = "<group>"; };
/* End PBXFileReference section */

/* Begin PBXFrameworksBuildPhase section */
		F37EBA9329CB33A9007A2DD0 /* Frameworks */ = {
			isa = PBXFrameworksBuildPhase;
			buildActionMask = 2147483647;
			files = (
			);
			runOnlyForDeploymentPostprocessing = 0;
		};
/* End PBXFrameworksBuildPhase section */

/* Begin PBXGroup section */
		F37EBA8D29CB33A9007A2DD0 = {
			isa = PBXGroup;
			children = (
				F37EBAB129CB4713007A2DD0 /* Resources */,
				F37EBA9829CB33A9007A2DD0 /* Chapter03-Alert */,
				F37EBA9729CB33A9007A2DD0 /* Products */,
			);
			sourceTree = "<group>";
		};
		F37EBA9729CB33A9007A2DD0 /* Products */ = {
			isa = PBXGroup;
			children = (
				F37EBA9629CB33A9007A2DD0 /* Chapter03-Alert.app */,
			);
			name = Products;
			sourceTree = "<group>";
		};
		F37EBA9829CB33A9007A2DD0 /* Chapter03-Alert */ = {
			isa = PBXGroup;
			children = (
				F37EBA9929CB33A9007A2DD0 /* AppDelegate.swift */,
				F37EBA9B29CB33A9007A2DD0 /* SceneDelegate.swift */,
				F37EBA9D29CB33A9007A2DD0 /* ViewController.swift */,
				F37EBA9F29CB33A9007A2DD0 /* Main.storyboard */,
				F37EBAA229CB33AA007A2DD0 /* Assets.xcassets */,
				F37EBAA429CB33AA007A2DD0 /* LaunchScreen.storyboard */,
				F37EBAA729CB33AA007A2DD0 /* Info.plist */,
				F37EBAAD29CB365A007A2DD0 /* MapAlertViewController.swift */,
				F37EBAAF29CB44B0007A2DD0 /* MapKitViewController.swift */,
				F37EBAB629CB4747007A2DD0 /* ImageViewController.swift */,
				F37EBAB829CB49CE007A2DD0 /* ControlViewController.swift */,
				F37EBABC29CB5107007A2DD0 /* ListViewController.swift */,
			);
			path = "Chapter03-Alert";
			sourceTree = "<group>";
		};
		F37EBAB129CB4713007A2DD0 /* Resources */ = {
			isa = PBXGroup;
			children = (
				F37EBAB229CB472B007A2DD0 /* note.png */,
				F37EBAB329CB472B007A2DD0 /* rating5@2x.png */,
			);
			path = Resources;
			sourceTree = "<group>";
		};
/* End PBXGroup section */

/* Begin PBXNativeTarget section */
		F37EBA9529CB33A9007A2DD0 /* Chapter03-Alert */ = {
			isa = PBXNativeTarget;
			buildConfigurationList = F37EBAAA29CB33AA007A2DD0 /* Build configuration list for PBXNativeTarget "Chapter03-Alert" */;
			buildPhases = (
				F37EBA9229CB33A9007A2DD0 /* Sources */,
				F37EBA9329CB33A9007A2DD0 /* Frameworks */,
				F37EBA9429CB33A9007A2DD0 /* Resources */,
			);
			buildRules = (
			);
			dependencies = (
			);
			name = "Chapter03-Alert";
			productName = "Chapter03-Alert";
			productReference = F37EBA9629CB33A9007A2DD0 /* Chapter03-Alert.app */;
			productType = "com.apple.product-type.application";
		};
/* End PBXNativeTarget section */

/* Begin PBXProject section */
		F37EBA8E29CB33A9007A2DD0 /* Project object */ = {
			isa = PBXProject;
			attributes = {
				BuildIndependentTargetsInParallel = 1;
				LastSwiftUpdateCheck = 1420;
				LastUpgradeCheck = 1420;
				TargetAttributes = {
					F37EBA9529CB33A9007A2DD0 = {
						CreatedOnToolsVersion = 14.2;
					};
				};
			};
			buildConfigurationList = F37EBA9129CB33A9007A2DD0 /* Build configuration list for PBXProject "Chapter03-Alert" */;
			compatibilityVersion = "Xcode 14.0";
			developmentRegion = en;
			hasScannedForEncodings = 0;
			knownRegions = (
				en,
				Base,
			);
			mainGroup = F37EBA8D29CB33A9007A2DD0;
			productRefGroup = F37EBA9729CB33A9007A2DD0 /* Products */;
			projectDirPath = "";
			projectRoot = "";
			targets = (
				F37EBA9529CB33A9007A2DD0 /* Chapter03-Alert */,
			);
		};
/* End PBXProject section */

/* Begin PBXResourcesBuildPhase section */
		F37EBA9429CB33A9007A2DD0 /* Resources */ = {
			isa = PBXResourcesBuildPhase;
			buildActionMask = 2147483647;
			files = (
				F37EBAB529CB472B007A2DD0 /* rating5@2x.png in Resources */,
				F37EBAA629CB33AA007A2DD0 /* LaunchScreen.storyboard in Resources */,
				F37EBAB429CB472B007A2DD0 /* note.png in Resources */,
				F37EBAA329CB33AA007A2DD0 /* Assets.xcassets in Resources */,
				F37EBAA129CB33A9007A2DD0 /* Main.storyboard in Resources */,
			);
			runOnlyForDeploymentPostprocessing = 0;
		};
/* End PBXResourcesBuildPhase section */

/* Begin PBXSourcesBuildPhase section */
		F37EBA9229CB33A9007A2DD0 /* Sources */ = {
			isa = PBXSourcesBuildPhase;
			buildActionMask = 2147483647;
			files = (
				F37EBAAE29CB365A007A2DD0 /* MapAlertViewController.swift in Sources */,
				F37EBAB029CB44B0007A2DD0 /* MapKitViewController.swift in Sources */,
				F37EBA9E29CB33A9007A2DD0 /* ViewController.swift in Sources */,
				F37EBA9A29CB33A9007A2DD0 /* AppDelegate.swift in Sources */,
				F37EBAB729CB4747007A2DD0 /* ImageViewController.swift in Sources */,
				F37EBA9C29CB33A9007A2DD0 /* SceneDelegate.swift in Sources */,
				F37EBABD29CB5107007A2DD0 /* ListViewController.swift in Sources */,
				F37EBAB929CB49CE007A2DD0 /* ControlViewController.swift in Sources */,
			);
			runOnlyForDeploymentPostprocessing = 0;
		};
/* End PBXSourcesBuildPhase section */

/* Begin PBXVariantGroup section */
		F37EBA9F29CB33A9007A2DD0 /* Main.storyboard */ = {
			isa = PBXVariantGroup;
			children = (
				F37EBAA029CB33A9007A2DD0 /* Base */,
			);
			name = Main.storyboard;
			sourceTree = "<group>";
		};
		F37EBAA429CB33AA007A2DD0 /* LaunchScreen.storyboard */ = {
			isa = PBXVariantGroup;
			children = (
				F37EBAA529CB33AA007A2DD0 /* Base */,
			);
			name = LaunchScreen.storyboard;
			sourceTree = "<group>";
		};
/* End PBXVariantGroup section */

/* Begin XCBuildConfiguration section */
		F37EBAA829CB33AA007A2DD0 /* Debug */ = {
			isa = XCBuildConfiguration;
			buildSettings = {
				ALWAYS_SEARCH_USER_PATHS = NO;
				CLANG_ANALYZER_NONNULL = YES;
				CLANG_ANALYZER_NUMBER_OBJECT_CONVERSION = YES_AGGRESSIVE;
				CLANG_CXX_LANGUAGE_STANDARD = "gnu++20";
				CLANG_ENABLE_MODULES = YES;
				CLANG_ENABLE_OBJC_ARC = YES;
				CLANG_ENABLE_OBJC_WEAK = YES;
				CLANG_WARN_BLOCK_CAPTURE_AUTORELEASING = YES;
				CLANG_WARN_BOOL_CONVERSION = YES;
				CLANG_WARN_COMMA = YES;
				CLANG_WARN_CONSTANT_CONVERSION = YES;
				CLANG_WARN_DEPRECATED_OBJC_IMPLEMENTATIONS = YES;
				CLANG_WARN_DIRECT_OBJC_ISA_USAGE = YES_ERROR;
				CLANG_WARN_DOCUMENTATION_COMMENTS = YES;
				CLANG_WARN_EMPTY_BODY = YES;
				CLANG_WARN_ENUM_CONVERSION = YES;
				CLANG_WARN_INFINITE_RECURSION = YES;
				CLANG_WARN_INT_CONVERSION = YES;
				CLANG_WARN_NON_LITERAL_NULL_CONVERSION = YES;
				CLANG_WARN_OBJC_IMPLICIT_RETAIN_SELF = YES;
				CLANG_WARN_OBJC_LITERAL_CONVERSION = YES;
				CLANG_WARN_OBJC_ROOT_CLASS = YES_ERROR;
				CLANG_WARN_QUOTED_INCLUDE_IN_FRAMEWORK_HEADER = YES;
				CLANG_WARN_RANGE_LOOP_ANALYSIS = YES;
				CLANG_WARN_STRICT_PROTOTYPES = YES;
				CLANG_WARN_SUSPICIOUS_MOVE = YES;
				CLANG_WARN_UNGUARDED_AVAILABILITY = YES_AGGRESSIVE;
				CLANG_WARN_UNREACHABLE_CODE = YES;
				CLANG_WARN__DUPLICATE_METHOD_MATCH = YES;
				COPY_PHASE_STRIP = NO;
				DEBUG_INFORMATION_FORMAT = dwarf;
				ENABLE_STRICT_OBJC_MSGSEND = YES;
				ENABLE_TESTABILITY = YES;
				GCC_C_LANGUAGE_STANDARD = gnu11;
				GCC_DYNAMIC_NO_PIC = NO;
				GCC_NO_COMMON_BLOCKS = YES;
				GCC_OPTIMIZATION_LEVEL = 0;
				GCC_PREPROCESSOR_DEFINITIONS = (
					"DEBUG=1",
					"$(inherited)",
				);
				GCC_WARN_64_TO_32_BIT_CONVERSION = YES;
				GCC_WARN_ABOUT_RETURN_TYPE = YES_ERROR;
				GCC_WARN_UNDECLARED_SELECTOR = YES;
				GCC_WARN_UNINITIALIZED_AUTOS = YES_AGGRESSIVE;
				GCC_WARN_UNUSED_FUNCTION = YES;
				GCC_WARN_UNUSED_VARIABLE = YES;
				IPHONEOS_DEPLOYMENT_TARGET = 16.2;
				MTL_ENABLE_DEBUG_INFO = INCLUDE_SOURCE;
				MTL_FAST_MATH = YES;
				ONLY_ACTIVE_ARCH = YES;
				SDKROOT = iphoneos;
				SWIFT_ACTIVE_COMPILATION_CONDITIONS = DEBUG;
				SWIFT_OPTIMIZATION_LEVEL = "-Onone";
			};
			name = Debug;
		};
		F37EBAA929CB33AA007A2DD0 /* Release */ = {
			isa = XCBuildConfiguration;
			buildSettings = {
				ALWAYS_SEARCH_USER_PATHS = NO;
				CLANG_ANALYZER_NONNULL = YES;
				CLANG_ANALYZER_NUMBER_OBJECT_CONVERSION = YES_AGGRESSIVE;
				CLANG_CXX_LANGUAGE_STANDARD = "gnu++20";
				CLANG_ENABLE_MODULES = YES;
				CLANG_ENABLE_OBJC_ARC = YES;
				CLANG_ENABLE_OBJC_WEAK = YES;
				CLANG_WARN_BLOCK_CAPTURE_AUTORELEASING = YES;
				CLANG_WARN_BOOL_CONVERSION = YES;
				CLANG_WARN_COMMA = YES;
				CLANG_WARN_CONSTANT_CONVERSION = YES;
				CLANG_WARN_DEPRECATED_OBJC_IMPLEMENTATIONS = YES;
				CLANG_WARN_DIRECT_OBJC_ISA_USAGE = YES_ERROR;
				CLANG_WARN_DOCUMENTATION_COMMENTS = YES;
				CLANG_WARN_EMPTY_BODY = YES;
				CLANG_WARN_ENUM_CONVERSION = YES;
				CLANG_WARN_INFINITE_RECURSION = YES;
				CLANG_WARN_INT_CONVERSION = YES;
				CLANG_WARN_NON_LITERAL_NULL_CONVERSION = YES;
				CLANG_WARN_OBJC_IMPLICIT_RETAIN_SELF = YES;
				CLANG_WARN_OBJC_LITERAL_CONVERSION = YES;
				CLANG_WARN_OBJC_ROOT_CLASS = YES_ERROR;
				CLANG_WARN_QUOTED_INCLUDE_IN_FRAMEWORK_HEADER = YES;
				CLANG_WARN_RANGE_LOOP_ANALYSIS = YES;
				CLANG_WARN_STRICT_PROTOTYPES = YES;
				CLANG_WARN_SUSPICIOUS_MOVE = YES;
				CLANG_WARN_UNGUARDED_AVAILABILITY = YES_AGGRESSIVE;
				CLANG_WARN_UNREACHABLE_CODE = YES;
				CLANG_WARN__DUPLICATE_METHOD_MATCH = YES;
				COPY_PHASE_STRIP = NO;
				DEBUG_INFORMATION_FORMAT = "dwarf-with-dsym";
				ENABLE_NS_ASSERTIONS = NO;
				ENABLE_STRICT_OBJC_MSGSEND = YES;
				GCC_C_LANGUAGE_STANDARD = gnu11;
				GCC_NO_COMMON_BLOCKS = YES;
				GCC_WARN_64_TO_32_BIT_CONVERSION = YES;
				GCC_WARN_ABOUT_RETURN_TYPE = YES_ERROR;
				GCC_WARN_UNDECLARED_SELECTOR = YES;
				GCC_WARN_UNINITIALIZED_AUTOS = YES_AGGRESSIVE;
				GCC_WARN_UNUSED_FUNCTION = YES;
				GCC_WARN_UNUSED_VARIABLE = YES;
				IPHONEOS_DEPLOYMENT_TARGET = 16.2;
				MTL_ENABLE_DEBUG_INFO = NO;
				MTL_FAST_MATH = YES;
				SDKROOT = iphoneos;
				SWIFT_COMPILATION_MODE = wholemodule;
				SWIFT_OPTIMIZATION_LEVEL = "-O";
				VALIDATE_PRODUCT = YES;
			};
			name = Release;
		};
		F37EBAAB29CB33AA007A2DD0 /* Debug */ = {
			isa = XCBuildConfiguration;
			buildSettings = {
				ASSETCATALOG_COMPILER_APPICON_NAME = AppIcon;
				ASSETCATALOG_COMPILER_GLOBAL_ACCENT_COLOR_NAME = AccentColor;
				CODE_SIGN_STYLE = Automatic;
				CURRENT_PROJECT_VERSION = 1;
				DEVELOPMENT_TEAM = 8FBW424TX4;
				GENERATE_INFOPLIST_FILE = YES;
				INFOPLIST_FILE = "Chapter03-Alert/Info.plist";
				INFOPLIST_KEY_UIApplicationSupportsIndirectInputEvents = YES;
				INFOPLIST_KEY_UILaunchStoryboardName = LaunchScreen;
				INFOPLIST_KEY_UIMainStoryboardFile = Main;
				INFOPLIST_KEY_UISupportedInterfaceOrientations_iPad = "UIInterfaceOrientationPortrait UIInterfaceOrientationPortraitUpsideDown UIInterfaceOrientationLandscapeLeft UIInterfaceOrientationLandscapeRight";
				INFOPLIST_KEY_UISupportedInterfaceOrientations_iPhone = "UIInterfaceOrientationPortrait UIInterfaceOrientationLandscapeLeft UIInterfaceOrientationLandscapeRight";
				LD_RUNPATH_SEARCH_PATHS = (
					"$(inherited)",
					"@executable_path/Frameworks",
				);
				MARKETING_VERSION = 1.0;
				PRODUCT_BUNDLE_IDENTIFIER = "com.nakyung.Chapter03-Alert";
				PRODUCT_NAME = "$(TARGET_NAME)";
				SWIFT_EMIT_LOC_STRINGS = YES;
				SWIFT_VERSION = 5.0;
				TARGETED_DEVICE_FAMILY = "1,2";
			};
			name = Debug;
		};
		F37EBAAC29CB33AA007A2DD0 /* Release */ = {
			isa = XCBuildConfiguration;
			buildSettings = {
				ASSETCATALOG_COMPILER_APPICON_NAME = AppIcon;
				ASSETCATALOG_COMPILER_GLOBAL_ACCENT_COLOR_NAME = AccentColor;
				CODE_SIGN_STYLE = Automatic;
				CURRENT_PROJECT_VERSION = 1;
				DEVELOPMENT_TEAM = 8FBW424TX4;
				GENERATE_INFOPLIST_FILE = YES;
				INFOPLIST_FILE = "Chapter03-Alert/Info.plist";
				INFOPLIST_KEY_UIApplicationSupportsIndirectInputEvents = YES;
				INFOPLIST_KEY_UILaunchStoryboardName = LaunchScreen;
				INFOPLIST_KEY_UIMainStoryboardFile = Main;
				INFOPLIST_KEY_UISupportedInterfaceOrientations_iPad = "UIInterfaceOrientationPortrait UIInterfaceOrientationPortraitUpsideDown UIInterfaceOrientationLandscapeLeft UIInterfaceOrientationLandscapeRight";
				INFOPLIST_KEY_UISupportedInterfaceOrientations_iPhone = "UIInterfaceOrientationPortrait UIInterfaceOrientationLandscapeLeft UIInterfaceOrientationLandscapeRight";
				LD_RUNPATH_SEARCH_PATHS = (
					"$(inherited)",
					"@executable_path/Frameworks",
				);
				MARKETING_VERSION = 1.0;
				PRODUCT_BUNDLE_IDENTIFIER = "com.nakyung.Chapter03-Alert";
				PRODUCT_NAME = "$(TARGET_NAME)";
				SWIFT_EMIT_LOC_STRINGS = YES;
				SWIFT_VERSION = 5.0;
				TARGETED_DEVICE_FAMILY = "1,2";
			};
			name = Release;
		};
/* End XCBuildConfiguration section */

/* Begin XCConfigurationList section */
		F37EBA9129CB33A9007A2DD0 /* Build configuration list for PBXProject "Chapter03-Alert" */ = {
			isa = XCConfigurationList;
			buildConfigurations = (
				F37EBAA829CB33AA007A2DD0 /* Debug */,
				F37EBAA929CB33AA007A2DD0 /* Release */,
			);
			defaultConfigurationIsVisible = 0;
			defaultConfigurationName = Release;
		};
		F37EBAAA29CB33AA007A2DD0 /* Build configuration list for PBXNativeTarget "Chapter03-Alert" */ = {
			isa = XCConfigurationList;
			buildConfigurations = (
				F37EBAAB29CB33AA007A2DD0 /* Debug */,
				F37EBAAC29CB33AA007A2DD0 /* Release */,
			);
			defaultConfigurationIsVisible = 0;
			defaultConfigurationName = Release;
		};
/* End XCConfigurationList section */
	};
	rootObject = F37EBA8E29CB33A9007A2DD0 /* Project object */;
}
