// !$*UTF8*$!
{
	archiveVersion = 1;
	classes = {
	};
	objectVersion = 56;
	objects = {

/* Begin PBXBuildFile section */
		F36A7EC029CA02F100AD2730 /* NewSceneDelegate.swift in Sources */ = {isa = PBXBuildFile; fileRef = F36A7EBF29CA02F100AD2730 /* NewSceneDelegate.swift */; };
		F36A7EC429CA052800AD2730 /* SceneDelegate.swift in Sources */ = {isa = PBXBuildFile; fileRef = F36A7EC329CA052800AD2730 /* SceneDelegate.swift */; };
		F36A7EC829CA055600AD2730 /* AppDelegate.swift in Sources */ = {isa = PBXBuildFile; fileRef = F36A7EC729CA055600AD2730 /* AppDelegate.swift */; };
		F3E3359229C8939A00951404 /* ViewController.swift in Sources */ = {isa = PBXBuildFile; fileRef = F3E3359129C8939A00951404 /* ViewController.swift */; };
		F3E3359529C8939A00951404 /* Main.storyboard in Resources */ = {isa = PBXBuildFile; fileRef = F3E3359329C8939A00951404 /* Main.storyboard */; };
		F3E3359729C8939B00951404 /* Assets.xcassets in Resources */ = {isa = PBXBuildFile; fileRef = F3E3359629C8939B00951404 /* Assets.xcassets */; };
		F3E3359A29C8939B00951404 /* LaunchScreen.storyboard in Resources */ = {isa = PBXBuildFile; fileRef = F3E3359829C8939B00951404 /* LaunchScreen.storyboard */; };
		F3E335A229C8950700951404 /* SecondViewController.swift in Sources */ = {isa = PBXBuildFile; fileRef = F3E335A129C8950700951404 /* SecondViewController.swift */; };
		F3E335A429C8951200951404 /* ThirdViewController.swift in Sources */ = {isa = PBXBuildFile; fileRef = F3E335A329C8951200951404 /* ThirdViewController.swift */; };
		F3E335B329C89AFB00951404 /* homes_119.png in Resources */ = {isa = PBXBuildFile; fileRef = F3E335A629C89AFB00951404 /* homes_119.png */; };
		F3E335B429C89AFB00951404 /* google@2x.png in Resources */ = {isa = PBXBuildFile; fileRef = F3E335A729C89AFB00951404 /* google@2x.png */; };
		F3E335B529C89AFB00951404 /* connectivity-bar.png in Resources */ = {isa = PBXBuildFile; fileRef = F3E335A829C89AFB00951404 /* connectivity-bar.png */; };
		F3E335B629C89AFB00951404 /* designbump@2x.png in Resources */ = {isa = PBXBuildFile; fileRef = F3E335A929C89AFB00951404 /* designbump@2x.png */; };
		F3E335B729C89AFB00951404 /* calendar.png in Resources */ = {isa = PBXBuildFile; fileRef = F3E335AA29C89AFB00951404 /* calendar.png */; };
		F3E335B829C89AFB00951404 /* file-tree.png in Resources */ = {isa = PBXBuildFile; fileRef = F3E335AB29C89AFB00951404 /* file-tree.png */; };
		F3E335B929C89AFB00951404 /* menubar-bg.png in Resources */ = {isa = PBXBuildFile; fileRef = F3E335AC29C89AFB00951404 /* menubar-bg.png */; };
		F3E335BA29C89AFB00951404 /* photo.png in Resources */ = {isa = PBXBuildFile; fileRef = F3E335AD29C89AFB00951404 /* photo.png */; };
		F3E335BB29C89AFB00951404 /* menubar-bg-mini.png in Resources */ = {isa = PBXBuildFile; fileRef = F3E335AE29C89AFB00951404 /* menubar-bg-mini.png */; };
		F3E335BC29C89AFB00951404 /* facebook@2x.png in Resources */ = {isa = PBXBuildFile; fileRef = F3E335AF29C89AFB00951404 /* facebook@2x.png */; };
		F3E335BD29C89AFB00951404 /* twitter@2x.png in Resources */ = {isa = PBXBuildFile; fileRef = F3E335B029C89AFB00951404 /* twitter@2x.png */; };
		F3E335BE29C89AFB00951404 /* checkmark@2x.png in Resources */ = {isa = PBXBuildFile; fileRef = F3E335B129C89AFB00951404 /* checkmark@2x.png */; };
		F3E335BF29C89AFB00951404 /* rss@2x.png in Resources */ = {isa = PBXBuildFile; fileRef = F3E335B229C89AFB00951404 /* rss@2x.png */; };
/* End PBXBuildFile section */

/* Begin PBXFileReference section */
		F36A7EBF29CA02F100AD2730 /* NewSceneDelegate.swift */ = {isa = PBXFileReference; lastKnownFileType = sourcecode.swift; path = NewSceneDelegate.swift; sourceTree = "<group>"; };
		F36A7EC329CA052800AD2730 /* SceneDelegate.swift */ = {isa = PBXFileReference; fileEncoding = 4; lastKnownFileType = sourcecode.swift; path = SceneDelegate.swift; sourceTree = "<group>"; };
		F36A7EC729CA055600AD2730 /* AppDelegate.swift */ = {isa = PBXFileReference; fileEncoding = 4; lastKnownFileType = sourcecode.swift; path = AppDelegate.swift; sourceTree = "<group>"; };
		F3E3358A29C8939A00951404 /* Chapter03-TabBar.app */ = {isa = PBXFileReference; explicitFileType = wrapper.application; includeInIndex = 0; path = "Chapter03-TabBar.app"; sourceTree = BUILT_PRODUCTS_DIR; };
		F3E3359129C8939A00951404 /* ViewController.swift */ = {isa = PBXFileReference; lastKnownFileType = sourcecode.swift; path = ViewController.swift; sourceTree = "<group>"; };
		F3E3359429C8939A00951404 /* Base */ = {isa = PBXFileReference; lastKnownFileType = file.storyboard; name = Base; path = Base.lproj/Main.storyboard; sourceTree = "<group>"; };
		F3E3359629C8939B00951404 /* Assets.xcassets */ = {isa = PBXFileReference; lastKnownFileType = folder.assetcatalog; path = Assets.xcassets; sourceTree = "<group>"; };
		F3E3359929C8939B00951404 /* Base */ = {isa = PBXFileReference; lastKnownFileType = file.storyboard; name = Base; path = Base.lproj/LaunchScreen.storyboard; sourceTree = "<group>"; };
		F3E3359B29C8939B00951404 /* Info.plist */ = {isa = PBXFileReference; lastKnownFileType = text.plist.xml; path = Info.plist; sourceTree = "<group>"; };
		F3E335A129C8950700951404 /* SecondViewController.swift */ = {isa = PBXFileReference; lastKnownFileType = sourcecode.swift; path = SecondViewController.swift; sourceTree = "<group>"; };
		F3E335A329C8951200951404 /* ThirdViewController.swift */ = {isa = PBXFileReference; lastKnownFileType = sourcecode.swift; path = ThirdViewController.swift; sourceTree = "<group>"; };
		F3E335A629C89AFB00951404 /* homes_119.png */ = {isa = PBXFileReference; lastKnownFileType = image.png; path = homes_119.png; sourceTree = "<group>"; };
		F3E335A729C89AFB00951404 /* google@2x.png */ = {isa = PBXFileReference; lastKnownFileType = image.png; path = "google@2x.png"; sourceTree = "<group>"; };
		F3E335A829C89AFB00951404 /* connectivity-bar.png */ = {isa = PBXFileReference; lastKnownFileType = image.png; path = "connectivity-bar.png"; sourceTree = "<group>"; };
		F3E335A929C89AFB00951404 /* designbump@2x.png */ = {isa = PBXFileReference; lastKnownFileType = image.png; path = "designbump@2x.png"; sourceTree = "<group>"; };
		F3E335AA29C89AFB00951404 /* calendar.png */ = {isa = PBXFileReference; lastKnownFileType = image.png; path = calendar.png; sourceTree = "<group>"; };
		F3E335AB29C89AFB00951404 /* file-tree.png */ = {isa = PBXFileReference; lastKnownFileType = image.png; path = "file-tree.png"; sourceTree = "<group>"; };
		F3E335AC29C89AFB00951404 /* menubar-bg.png */ = {isa = PBXFileReference; lastKnownFileType = image.png; path = "menubar-bg.png"; sourceTree = "<group>"; };
		F3E335AD29C89AFB00951404 /* photo.png */ = {isa = PBXFileReference; lastKnownFileType = image.png; path = photo.png; sourceTree = "<group>"; };
		F3E335AE29C89AFB00951404 /* menubar-bg-mini.png */ = {isa = PBXFileReference; lastKnownFileType = image.png; path = "menubar-bg-mini.png"; sourceTree = "<group>"; };
		F3E335AF29C89AFB00951404 /* facebook@2x.png */ = {isa = PBXFileReference; lastKnownFileType = image.png; path = "facebook@2x.png"; sourceTree = "<group>"; };
		F3E335B029C89AFB00951404 /* twitter@2x.png */ = {isa = PBXFileReference; lastKnownFileType = image.png; path = "twitter@2x.png"; sourceTree = "<group>"; };
		F3E335B129C89AFB00951404 /* checkmark@2x.png */ = {isa = PBXFileReference; lastKnownFileType = image.png; path = "checkmark@2x.png"; sourceTree = "<group>"; };
		F3E335B229C89AFB00951404 /* rss@2x.png */ = {isa = PBXFileReference; lastKnownFileType = image.png; path = "rss@2x.png"; sourceTree = "<group>"; };
/* End PBXFileReference section */

/* Begin PBXFrameworksBuildPhase section */
		F3E3358729C8939A00951404 /* Frameworks */ = {
			isa = PBXFrameworksBuildPhase;
			buildActionMask = 2147483647;
			files = (
			);
			runOnlyForDeploymentPostprocessing = 0;
		};
/* End PBXFrameworksBuildPhase section */

/* Begin PBXGroup section */
		F3E3358129C8939A00951404 = {
			isa = PBXGroup;
			children = (
				F3E335A529C89AD700951404 /* Resources */,
				F3E3358C29C8939A00951404 /* Chapter03-TabBar */,
				F3E3358B29C8939A00951404 /* Products */,
			);
			sourceTree = "<group>";
		};
		F3E3358B29C8939A00951404 /* Products */ = {
			isa = PBXGroup;
			children = (
				F3E3358A29C8939A00951404 /* Chapter03-TabBar.app */,
			);
			name = Products;
			sourceTree = "<group>";
		};
		F3E3358C29C8939A00951404 /* Chapter03-TabBar */ = {
			isa = PBXGroup;
			children = (
				F36A7EBF29CA02F100AD2730 /* NewSceneDelegate.swift */,
				F3E3359129C8939A00951404 /* ViewController.swift */,
				F3E3359329C8939A00951404 /* Main.storyboard */,
				F3E3359629C8939B00951404 /* Assets.xcassets */,
				F3E3359829C8939B00951404 /* LaunchScreen.storyboard */,
				F3E3359B29C8939B00951404 /* Info.plist */,
				F3E335A129C8950700951404 /* SecondViewController.swift */,
				F3E335A329C8951200951404 /* ThirdViewController.swift */,
				F36A7EC329CA052800AD2730 /* SceneDelegate.swift */,
				F36A7EC729CA055600AD2730 /* AppDelegate.swift */,
			);
			path = "Chapter03-TabBar";
			sourceTree = "<group>";
		};
		F3E335A529C89AD700951404 /* Resources */ = {
			isa = PBXGroup;
			children = (
				F3E335AA29C89AFB00951404 /* calendar.png */,
				F3E335B129C89AFB00951404 /* checkmark@2x.png */,
				F3E335A829C89AFB00951404 /* connectivity-bar.png */,
				F3E335A929C89AFB00951404 /* designbump@2x.png */,
				F3E335AF29C89AFB00951404 /* facebook@2x.png */,
				F3E335AB29C89AFB00951404 /* file-tree.png */,
				F3E335A729C89AFB00951404 /* google@2x.png */,
				F3E335A629C89AFB00951404 /* homes_119.png */,
				F3E335AE29C89AFB00951404 /* menubar-bg-mini.png */,
				F3E335AC29C89AFB00951404 /* menubar-bg.png */,
				F3E335AD29C89AFB00951404 /* photo.png */,
				F3E335B229C89AFB00951404 /* rss@2x.png */,
				F3E335B029C89AFB00951404 /* twitter@2x.png */,
			);
			path = Resources;
			sourceTree = "<group>";
		};
/* End PBXGroup section */

/* Begin PBXNativeTarget section */
		F3E3358929C8939A00951404 /* Chapter03-TabBar */ = {
			isa = PBXNativeTarget;
			buildConfigurationList = F3E3359E29C8939B00951404 /* Build configuration list for PBXNativeTarget "Chapter03-TabBar" */;
			buildPhases = (
				F3E3358629C8939A00951404 /* Sources */,
				F3E3358729C8939A00951404 /* Frameworks */,
				F3E3358829C8939A00951404 /* Resources */,
			);
			buildRules = (
			);
			dependencies = (
			);
			name = "Chapter03-TabBar";
			productName = "Chapter03-TabBar";
			productReference = F3E3358A29C8939A00951404 /* Chapter03-TabBar.app */;
			productType = "com.apple.product-type.application";
		};
/* End PBXNativeTarget section */

/* Begin PBXProject section */
		F3E3358229C8939A00951404 /* Project object */ = {
			isa = PBXProject;
			attributes = {
				BuildIndependentTargetsInParallel = 1;
				LastSwiftUpdateCheck = 1420;
				LastUpgradeCheck = 1420;
				TargetAttributes = {
					F3E3358929C8939A00951404 = {
						CreatedOnToolsVersion = 14.2;
					};
				};
			};
			buildConfigurationList = F3E3358529C8939A00951404 /* Build configuration list for PBXProject "Chapter03-TabBar" */;
			compatibilityVersion = "Xcode 14.0";
			developmentRegion = en;
			hasScannedForEncodings = 0;
			knownRegions = (
				en,
				Base,
			);
			mainGroup = F3E3358129C8939A00951404;
			productRefGroup = F3E3358B29C8939A00951404 /* Products */;
			projectDirPath = "";
			projectRoot = "";
			targets = (
				F3E3358929C8939A00951404 /* Chapter03-TabBar */,
			);
		};
/* End PBXProject section */

/* Begin PBXResourcesBuildPhase section */
		F3E3358829C8939A00951404 /* Resources */ = {
			isa = PBXResourcesBuildPhase;
			buildActionMask = 2147483647;
			files = (
				F3E335B829C89AFB00951404 /* file-tree.png in Resources */,
				F3E3359A29C8939B00951404 /* LaunchScreen.storyboard in Resources */,
				F3E335B729C89AFB00951404 /* calendar.png in Resources */,
				F3E335B429C89AFB00951404 /* google@2x.png in Resources */,
				F3E335BE29C89AFB00951404 /* checkmark@2x.png in Resources */,
				F3E3359729C8939B00951404 /* Assets.xcassets in Resources */,
				F3E335B329C89AFB00951404 /* homes_119.png in Resources */,
				F3E335BD29C89AFB00951404 /* twitter@2x.png in Resources */,
				F3E335B529C89AFB00951404 /* connectivity-bar.png in Resources */,
				F3E335B929C89AFB00951404 /* menubar-bg.png in Resources */,
				F3E335BB29C89AFB00951404 /* menubar-bg-mini.png in Resources */,
				F3E3359529C8939A00951404 /* Main.storyboard in Resources */,
				F3E335B629C89AFB00951404 /* designbump@2x.png in Resources */,
				F3E335BA29C89AFB00951404 /* photo.png in Resources */,
				F3E335BC29C89AFB00951404 /* facebook@2x.png in Resources */,
				F3E335BF29C89AFB00951404 /* rss@2x.png in Resources */,
			);
			runOnlyForDeploymentPostprocessing = 0;
		};
/* End PBXResourcesBuildPhase section */

/* Begin PBXSourcesBuildPhase section */
		F3E3358629C8939A00951404 /* Sources */ = {
			isa = PBXSourcesBuildPhase;
			buildActionMask = 2147483647;
			files = (
				F36A7EC829CA055600AD2730 /* AppDelegate.swift in Sources */,
				F3E335A229C8950700951404 /* SecondViewController.swift in Sources */,
				F3E3359229C8939A00951404 /* ViewController.swift in Sources */,
				F3E335A429C8951200951404 /* ThirdViewController.swift in Sources */,
				F36A7EC029CA02F100AD2730 /* NewSceneDelegate.swift in Sources */,
				F36A7EC429CA052800AD2730 /* SceneDelegate.swift in Sources */,
			);
			runOnlyForDeploymentPostprocessing = 0;
		};
/* End PBXSourcesBuildPhase section */

/* Begin PBXVariantGroup section */
		F3E3359329C8939A00951404 /* Main.storyboard */ = {
			isa = PBXVariantGroup;
			children = (
				F3E3359429C8939A00951404 /* Base */,
			);
			name = Main.storyboard;
			sourceTree = "<group>";
		};
		F3E3359829C8939B00951404 /* LaunchScreen.storyboard */ = {
			isa = PBXVariantGroup;
			children = (
				F3E3359929C8939B00951404 /* Base */,
			);
			name = LaunchScreen.storyboard;
			sourceTree = "<group>";
		};
/* End PBXVariantGroup section */

/* Begin XCBuildConfiguration section */
		F3E3359C29C8939B00951404 /* Debug */ = {
			isa = XCBuildConfiguration;
			buildSettings = {
				ALWAYS_SEARCH_USER_PATHS = NO;
				CLANG_ANALYZER_NONNULL = YES;
				CLANG_ANALYZER_NUMBER_OBJECT_CONVERSION = YES_AGGRESSIVE;
				CLANG_CXX_LANGUAGE_STANDARD = "gnu++20";
				CLANG_ENABLE_MODULES = YES;
				CLANG_ENABLE_OBJC_ARC = YES;
				CLANG_ENABLE_OBJC_WEAK = YES;
				CLANG_WARN_BLOCK_CAPTURE_AUTORELEASING = YES;
				CLANG_WARN_BOOL_CONVERSION = YES;
				CLANG_WARN_COMMA = YES;
				CLANG_WARN_CONSTANT_CONVERSION = YES;
				CLANG_WARN_DEPRECATED_OBJC_IMPLEMENTATIONS = YES;
				CLANG_WARN_DIRECT_OBJC_ISA_USAGE = YES_ERROR;
				CLANG_WARN_DOCUMENTATION_COMMENTS = YES;
				CLANG_WARN_EMPTY_BODY = YES;
				CLANG_WARN_ENUM_CONVERSION = YES;
				CLANG_WARN_INFINITE_RECURSION = YES;
				CLANG_WARN_INT_CONVERSION = YES;
				CLANG_WARN_NON_LITERAL_NULL_CONVERSION = YES;
				CLANG_WARN_OBJC_IMPLICIT_RETAIN_SELF = YES;
				CLANG_WARN_OBJC_LITERAL_CONVERSION = YES;
				CLANG_WARN_OBJC_ROOT_CLASS = YES_ERROR;
				CLANG_WARN_QUOTED_INCLUDE_IN_FRAMEWORK_HEADER = YES;
				CLANG_WARN_RANGE_LOOP_ANALYSIS = YES;
				CLANG_WARN_STRICT_PROTOTYPES = YES;
				CLANG_WARN_SUSPICIOUS_MOVE = YES;
				CLANG_WARN_UNGUARDED_AVAILABILITY = YES_AGGRESSIVE;
				CLANG_WARN_UNREACHABLE_CODE = YES;
				CLANG_WARN__DUPLICATE_METHOD_MATCH = YES;
				COPY_PHASE_STRIP = NO;
				DEBUG_INFORMATION_FORMAT = dwarf;
				ENABLE_STRICT_OBJC_MSGSEND = YES;
				ENABLE_TESTABILITY = YES;
				GCC_C_LANGUAGE_STANDARD = gnu11;
				GCC_DYNAMIC_NO_PIC = NO;
				GCC_NO_COMMON_BLOCKS = YES;
				GCC_OPTIMIZATION_LEVEL = 0;
				GCC_PREPROCESSOR_DEFINITIONS = (
					"DEBUG=1",
					"$(inherited)",
				);
				GCC_WARN_64_TO_32_BIT_CONVERSION = YES;
				GCC_WARN_ABOUT_RETURN_TYPE = YES_ERROR;
				GCC_WARN_UNDECLARED_SELECTOR = YES;
				GCC_WARN_UNINITIALIZED_AUTOS = YES_AGGRESSIVE;
				GCC_WARN_UNUSED_FUNCTION = YES;
				GCC_WARN_UNUSED_VARIABLE = YES;
				IPHONEOS_DEPLOYMENT_TARGET = 16.2;
				MTL_ENABLE_DEBUG_INFO = INCLUDE_SOURCE;
				MTL_FAST_MATH = YES;
				ONLY_ACTIVE_ARCH = YES;
				SDKROOT = iphoneos;
				SWIFT_ACTIVE_COMPILATION_CONDITIONS = DEBUG;
				SWIFT_OPTIMIZATION_LEVEL = "-Onone";
			};
			name = Debug;
		};
		F3E3359D29C8939B00951404 /* Release */ = {
			isa = XCBuildConfiguration;
			buildSettings = {
				ALWAYS_SEARCH_USER_PATHS = NO;
				CLANG_ANALYZER_NONNULL = YES;
				CLANG_ANALYZER_NUMBER_OBJECT_CONVERSION = YES_AGGRESSIVE;
				CLANG_CXX_LANGUAGE_STANDARD = "gnu++20";
				CLANG_ENABLE_MODULES = YES;
				CLANG_ENABLE_OBJC_ARC = YES;
				CLANG_ENABLE_OBJC_WEAK = YES;
				CLANG_WARN_BLOCK_CAPTURE_AUTORELEASING = YES;
				CLANG_WARN_BOOL_CONVERSION = YES;
				CLANG_WARN_COMMA = YES;
				CLANG_WARN_CONSTANT_CONVERSION = YES;
				CLANG_WARN_DEPRECATED_OBJC_IMPLEMENTATIONS = YES;
				CLANG_WARN_DIRECT_OBJC_ISA_USAGE = YES_ERROR;
				CLANG_WARN_DOCUMENTATION_COMMENTS = YES;
				CLANG_WARN_EMPTY_BODY = YES;
				CLANG_WARN_ENUM_CONVERSION = YES;
				CLANG_WARN_INFINITE_RECURSION = YES;
				CLANG_WARN_INT_CONVERSION = YES;
				CLANG_WARN_NON_LITERAL_NULL_CONVERSION = YES;
				CLANG_WARN_OBJC_IMPLICIT_RETAIN_SELF = YES;
				CLANG_WARN_OBJC_LITERAL_CONVERSION = YES;
				CLANG_WARN_OBJC_ROOT_CLASS = YES_ERROR;
				CLANG_WARN_QUOTED_INCLUDE_IN_FRAMEWORK_HEADER = YES;
				CLANG_WARN_RANGE_LOOP_ANALYSIS = YES;
				CLANG_WARN_STRICT_PROTOTYPES = YES;
				CLANG_WARN_SUSPICIOUS_MOVE = YES;
				CLANG_WARN_UNGUARDED_AVAILABILITY = YES_AGGRESSIVE;
				CLANG_WARN_UNREACHABLE_CODE = YES;
				CLANG_WARN__DUPLICATE_METHOD_MATCH = YES;
				COPY_PHASE_STRIP = NO;
				DEBUG_INFORMATION_FORMAT = "dwarf-with-dsym";
				ENABLE_NS_ASSERTIONS = NO;
				ENABLE_STRICT_OBJC_MSGSEND = YES;
				GCC_C_LANGUAGE_STANDARD = gnu11;
				GCC_NO_COMMON_BLOCKS = YES;
				GCC_WARN_64_TO_32_BIT_CONVERSION = YES;
				GCC_WARN_ABOUT_RETURN_TYPE = YES_ERROR;
				GCC_WARN_UNDECLARED_SELECTOR = YES;
				GCC_WARN_UNINITIALIZED_AUTOS = YES_AGGRESSIVE;
				GCC_WARN_UNUSED_FUNCTION = YES;
				GCC_WARN_UNUSED_VARIABLE = YES;
				IPHONEOS_DEPLOYMENT_TARGET = 16.2;
				MTL_ENABLE_DEBUG_INFO = NO;
				MTL_FAST_MATH = YES;
				SDKROOT = iphoneos;
				SWIFT_COMPILATION_MODE = wholemodule;
				SWIFT_OPTIMIZATION_LEVEL = "-O";
				VALIDATE_PRODUCT = YES;
			};
			name = Release;
		};
		F3E3359F29C8939B00951404 /* Debug */ = {
			isa = XCBuildConfiguration;
			buildSettings = {
				ASSETCATALOG_COMPILER_APPICON_NAME = AppIcon;
				ASSETCATALOG_COMPILER_GLOBAL_ACCENT_COLOR_NAME = AccentColor;
				CODE_SIGN_STYLE = Automatic;
				CURRENT_PROJECT_VERSION = 1;
				DEVELOPMENT_TEAM = 8FBW424TX4;
				GENERATE_INFOPLIST_FILE = YES;
				INFOPLIST_FILE = "Chapter03-TabBar/Info.plist";
				INFOPLIST_KEY_UIApplicationSupportsIndirectInputEvents = YES;
				INFOPLIST_KEY_UILaunchStoryboardName = LaunchScreen;
				INFOPLIST_KEY_UIMainStoryboardFile = Main;
				INFOPLIST_KEY_UISupportedInterfaceOrientations_iPad = "UIInterfaceOrientationPortrait UIInterfaceOrientationPortraitUpsideDown UIInterfaceOrientationLandscapeLeft UIInterfaceOrientationLandscapeRight";
				INFOPLIST_KEY_UISupportedInterfaceOrientations_iPhone = "UIInterfaceOrientationPortrait UIInterfaceOrientationLandscapeLeft UIInterfaceOrientationLandscapeRight";
				LD_RUNPATH_SEARCH_PATHS = (
					"$(inherited)",
					"@executable_path/Frameworks",
				);
				MARKETING_VERSION = 1.0;
				PRODUCT_BUNDLE_IDENTIFIER = "com.nakyung.Chapter03-TabBar";
				PRODUCT_NAME = "$(TARGET_NAME)";
				SWIFT_EMIT_LOC_STRINGS = YES;
				SWIFT_VERSION = 5.0;
				TARGETED_DEVICE_FAMILY = "1,2";
			};
			name = Debug;
		};
		F3E335A029C8939B00951404 /* Release */ = {
			isa = XCBuildConfiguration;
			buildSettings = {
				ASSETCATALOG_COMPILER_APPICON_NAME = AppIcon;
				ASSETCATALOG_COMPILER_GLOBAL_ACCENT_COLOR_NAME = AccentColor;
				CODE_SIGN_STYLE = Automatic;
				CURRENT_PROJECT_VERSION = 1;
				DEVELOPMENT_TEAM = 8FBW424TX4;
				GENERATE_INFOPLIST_FILE = YES;
				INFOPLIST_FILE = "Chapter03-TabBar/Info.plist";
				INFOPLIST_KEY_UIApplicationSupportsIndirectInputEvents = YES;
				INFOPLIST_KEY_UILaunchStoryboardName = LaunchScreen;
				INFOPLIST_KEY_UIMainStoryboardFile = Main;
				INFOPLIST_KEY_UISupportedInterfaceOrientations_iPad = "UIInterfaceOrientationPortrait UIInterfaceOrientationPortraitUpsideDown UIInterfaceOrientationLandscapeLeft UIInterfaceOrientationLandscapeRight";
				INFOPLIST_KEY_UISupportedInterfaceOrientations_iPhone = "UIInterfaceOrientationPortrait UIInterfaceOrientationLandscapeLeft UIInterfaceOrientationLandscapeRight";
				LD_RUNPATH_SEARCH_PATHS = (
					"$(inherited)",
					"@executable_path/Frameworks",
				);
				MARKETING_VERSION = 1.0;
				PRODUCT_BUNDLE_IDENTIFIER = "com.nakyung.Chapter03-TabBar";
				PRODUCT_NAME = "$(TARGET_NAME)";
				SWIFT_EMIT_LOC_STRINGS = YES;
				SWIFT_VERSION = 5.0;
				TARGETED_DEVICE_FAMILY = "1,2";
			};
			name = Release;
		};
/* End XCBuildConfiguration section */

/* Begin XCConfigurationList section */
		F3E3358529C8939A00951404 /* Build configuration list for PBXProject "Chapter03-TabBar" */ = {
			isa = XCConfigurationList;
			buildConfigurations = (
				F3E3359C29C8939B00951404 /* Debug */,
				F3E3359D29C8939B00951404 /* Release */,
			);
			defaultConfigurationIsVisible = 0;
			defaultConfigurationName = Release;
		};
		F3E3359E29C8939B00951404 /* Build configuration list for PBXNativeTarget "Chapter03-TabBar" */ = {
			isa = XCConfigurationList;
			buildConfigurations = (
				F3E3359F29C8939B00951404 /* Debug */,
				F3E335A029C8939B00951404 /* Release */,
			);
			defaultConfigurationIsVisible = 0;
			defaultConfigurationName = Release;
		};
/* End XCConfigurationList section */
	};
	rootObject = F3E3358229C8939A00951404 /* Project object */;
}
